// !$*UTF8*$!
{
	archiveVersion = 1;
	classes = {
	};
	objectVersion = 48;
	objects = {

/* Begin PBXBuildFile section */
		D0B172B01D45A2220079A2F2 /* ColorStyle.swift in Sources */ = {isa = PBXBuildFile; fileRef = D0B172A51D45A2220079A2F2 /* ColorStyle.swift */; };
		D0B172B11D45A2220079A2F2 /* CustomColor.swift in Sources */ = {isa = PBXBuildFile; fileRef = D0B172A61D45A2220079A2F2 /* CustomColor.swift */; };
		D0B172B31D45A2220079A2F2 /* CustomFont.swift in Sources */ = {isa = PBXBuildFile; fileRef = D0B172A81D45A2220079A2F2 /* CustomFont.swift */; };
		D0B172B41D45A2220079A2F2 /* Customizable.swift in Sources */ = {isa = PBXBuildFile; fileRef = D0B172A91D45A2220079A2F2 /* Customizable.swift */; };
		D0B172B51D45A2220079A2F2 /* CustomLayout.swift in Sources */ = {isa = PBXBuildFile; fileRef = D0B172AA1D45A2220079A2F2 /* CustomLayout.swift */; };
		D0B172B71D45A2220079A2F2 /* Refreshing.swift in Sources */ = {isa = PBXBuildFile; fileRef = D0B172AC1D45A2220079A2F2 /* Refreshing.swift */; };
		D0B172B81D45A2220079A2F2 /* FontStyle.swift in Sources */ = {isa = PBXBuildFile; fileRef = D0B172AD1D45A2220079A2F2 /* FontStyle.swift */; };
		D0B172BA1D45A2220079A2F2 /* Overlay.h in Headers */ = {isa = PBXBuildFile; fileRef = D0B172AF1D45A2220079A2F2 /* Overlay.h */; settings = {ATTRIBUTES = (Public, ); }; };
/* End PBXBuildFile section */

/* Begin PBXFileReference section */
		D0B1729A1D45A1EB0079A2F2 /* Overlay.framework */ = {isa = PBXFileReference; explicitFileType = wrapper.framework; includeInIndex = 0; path = Overlay.framework; sourceTree = BUILT_PRODUCTS_DIR; };
		D0B172A51D45A2220079A2F2 /* ColorStyle.swift */ = {isa = PBXFileReference; fileEncoding = 4; lastKnownFileType = sourcecode.swift; name = ColorStyle.swift; path = Sources/ColorStyle.swift; sourceTree = SOURCE_ROOT; };
		D0B172A61D45A2220079A2F2 /* CustomColor.swift */ = {isa = PBXFileReference; fileEncoding = 4; lastKnownFileType = sourcecode.swift; name = CustomColor.swift; path = Sources/CustomColor.swift; sourceTree = SOURCE_ROOT; };
		D0B172A81D45A2220079A2F2 /* CustomFont.swift */ = {isa = PBXFileReference; fileEncoding = 4; lastKnownFileType = sourcecode.swift; name = CustomFont.swift; path = Sources/CustomFont.swift; sourceTree = SOURCE_ROOT; };
		D0B172A91D45A2220079A2F2 /* Customizable.swift */ = {isa = PBXFileReference; fileEncoding = 4; lastKnownFileType = sourcecode.swift; name = Customizable.swift; path = Sources/Customizable.swift; sourceTree = SOURCE_ROOT; };
		D0B172AA1D45A2220079A2F2 /* CustomLayout.swift */ = {isa = PBXFileReference; fileEncoding = 4; lastKnownFileType = sourcecode.swift; name = CustomLayout.swift; path = Sources/CustomLayout.swift; sourceTree = SOURCE_ROOT; };
		D0B172AC1D45A2220079A2F2 /* Refreshing.swift */ = {isa = PBXFileReference; fileEncoding = 4; lastKnownFileType = sourcecode.swift; name = Refreshing.swift; path = Sources/Refreshing.swift; sourceTree = SOURCE_ROOT; };
		D0B172AD1D45A2220079A2F2 /* FontStyle.swift */ = {isa = PBXFileReference; fileEncoding = 4; lastKnownFileType = sourcecode.swift; name = FontStyle.swift; path = Sources/FontStyle.swift; sourceTree = SOURCE_ROOT; };
		D0B172AF1D45A2220079A2F2 /* Overlay.h */ = {isa = PBXFileReference; fileEncoding = 4; lastKnownFileType = sourcecode.c.h; name = Overlay.h; path = Sources/Overlay.h; sourceTree = SOURCE_ROOT; };
/* End PBXFileReference section */

/* Begin PBXFrameworksBuildPhase section */
		D0B172961D45A1EB0079A2F2 /* Frameworks */ = {
			isa = PBXFrameworksBuildPhase;
			buildActionMask = 2147483647;
			files = (
			);
			runOnlyForDeploymentPostprocessing = 0;
		};
/* End PBXFrameworksBuildPhase section */

/* Begin PBXGroup section */
		D062B0F01D52469400F70C4A /* Overlay */ = {
			isa = PBXGroup;
			children = (
				D0B172AF1D45A2220079A2F2 /* Overlay.h */,
			);
			name = Overlay;
			sourceTree = "<group>";
		};
		D062B0F11D52469E00F70C4A /* Style */ = {
			isa = PBXGroup;
			children = (
				D0B172A91D45A2220079A2F2 /* Customizable.swift */,
				D0B172A51D45A2220079A2F2 /* ColorStyle.swift */,
				D0B172AD1D45A2220079A2F2 /* FontStyle.swift */,
			);
			name = Style;
			sourceTree = "<group>";
		};
		D062B0F21D5246B000F70C4A /* CustomView */ = {
			isa = PBXGroup;
			children = (
				D0B172A61D45A2220079A2F2 /* CustomColor.swift */,
				D0B172A81D45A2220079A2F2 /* CustomFont.swift */,
				D0B172AA1D45A2220079A2F2 /* CustomLayout.swift */,
			);
			name = CustomView;
			sourceTree = "<group>";
		};
		D062B0F31D5246BC00F70C4A /* Refreshing */ = {
			isa = PBXGroup;
			children = (
				D0B172AC1D45A2220079A2F2 /* Refreshing.swift */,
			);
			name = Refreshing;
			sourceTree = "<group>";
		};
		D0B172901D45A1EB0079A2F2 = {
			isa = PBXGroup;
			children = (
				D0B1729C1D45A1EB0079A2F2 /* Overlay */,
				D0B1729B1D45A1EB0079A2F2 /* Products */,
			);
			sourceTree = "<group>";
		};
		D0B1729B1D45A1EB0079A2F2 /* Products */ = {
			isa = PBXGroup;
			children = (
				D0B1729A1D45A1EB0079A2F2 /* Overlay.framework */,
			);
			name = Products;
			sourceTree = "<group>";
		};
		D0B1729C1D45A1EB0079A2F2 /* Overlay */ = {
			isa = PBXGroup;
			children = (
				D062B0F01D52469400F70C4A /* Overlay */,
				D062B0F11D52469E00F70C4A /* Style */,
				D062B0F21D5246B000F70C4A /* CustomView */,
				D062B0F31D5246BC00F70C4A /* Refreshing */,
			);
			path = Overlay;
			sourceTree = "<group>";
		};
/* End PBXGroup section */

/* Begin PBXHeadersBuildPhase section */
		D0B172971D45A1EB0079A2F2 /* Headers */ = {
			isa = PBXHeadersBuildPhase;
			buildActionMask = 2147483647;
			files = (
				D0B172BA1D45A2220079A2F2 /* Overlay.h in Headers */,
			);
			runOnlyForDeploymentPostprocessing = 0;
		};
/* End PBXHeadersBuildPhase section */

/* Begin PBXNativeTarget section */
		D0B172991D45A1EB0079A2F2 /* Overlay */ = {
			isa = PBXNativeTarget;
			buildConfigurationList = D0B172A21D45A1EB0079A2F2 /* Build configuration list for PBXNativeTarget "Overlay" */;
			buildPhases = (
				D0B172951D45A1EB0079A2F2 /* Sources */,
				D0B172961D45A1EB0079A2F2 /* Frameworks */,
				D0B172971D45A1EB0079A2F2 /* Headers */,
				D0B172981D45A1EB0079A2F2 /* Resources */,
			);
			buildRules = (
			);
			dependencies = (
			);
			name = Overlay;
			productName = Overlay;
			productReference = D0B1729A1D45A1EB0079A2F2 /* Overlay.framework */;
			productType = "com.apple.product-type.framework";
		};
/* End PBXNativeTarget section */

/* Begin PBXProject section */
		D0B172911D45A1EB0079A2F2 /* Project object */ = {
			isa = PBXProject;
			attributes = {
				LastUpgradeCheck = 0800;
				ORGANIZATIONNAME = TintPoint;
				TargetAttributes = {
					D0B172991D45A1EB0079A2F2 = {
						CreatedOnToolsVersion = 8.0;
						LastSwiftMigration = 0800;
						ProvisioningStyle = Automatic;
					};
				};
			};
			buildConfigurationList = D0B172941D45A1EB0079A2F2 /* Build configuration list for PBXProject "Overlay" */;
			compatibilityVersion = "Xcode 8.0";
			developmentRegion = English;
			hasScannedForEncodings = 0;
			knownRegions = (
				en,
			);
			mainGroup = D0B172901D45A1EB0079A2F2;
			productRefGroup = D0B1729B1D45A1EB0079A2F2 /* Products */;
			projectDirPath = "";
			projectRoot = "";
			targets = (
				D0B172991D45A1EB0079A2F2 /* Overlay */,
			);
		};
/* End PBXProject section */

/* Begin PBXResourcesBuildPhase section */
		D0B172981D45A1EB0079A2F2 /* Resources */ = {
			isa = PBXResourcesBuildPhase;
			buildActionMask = 2147483647;
			files = (
			);
			runOnlyForDeploymentPostprocessing = 0;
		};
/* End PBXResourcesBuildPhase section */

/* Begin PBXSourcesBuildPhase section */
		D0B172951D45A1EB0079A2F2 /* Sources */ = {
			isa = PBXSourcesBuildPhase;
			buildActionMask = 2147483647;
			files = (
				D0B172B11D45A2220079A2F2 /* CustomColor.swift in Sources */,
				D0B172B71D45A2220079A2F2 /* Refreshing.swift in Sources */,
				D0B172B81D45A2220079A2F2 /* FontStyle.swift in Sources */,
				D0B172B31D45A2220079A2F2 /* CustomFont.swift in Sources */,
				D0B172B51D45A2220079A2F2 /* CustomLayout.swift in Sources */,
				D0B172B01D45A2220079A2F2 /* ColorStyle.swift in Sources */,
				D0B172B41D45A2220079A2F2 /* Customizable.swift in Sources */,
			);
			runOnlyForDeploymentPostprocessing = 0;
		};
/* End PBXSourcesBuildPhase section */

/* Begin XCBuildConfiguration section */
		D0B172A01D45A1EB0079A2F2 /* Debug */ = {
			isa = XCBuildConfiguration;
			buildSettings = {
				ALWAYS_SEARCH_USER_PATHS = NO;
				CLANG_ANALYZER_NONNULL = YES;
				CLANG_ENABLE_MODULES = YES;
				CLANG_ENABLE_OBJC_ARC = YES;
				CLANG_WARN_BOOL_CONVERSION = YES;
				CLANG_WARN_CONSTANT_CONVERSION = YES;
				CLANG_WARN_DOCUMENTATION_COMMENTS = YES;
				CLANG_WARN_EMPTY_BODY = YES;
				CLANG_WARN_ENUM_CONVERSION = YES;
				CLANG_WARN_INT_CONVERSION = YES;
				CLANG_WARN_UNREACHABLE_CODE = YES;
				COPY_PHASE_STRIP = NO;
				CURRENT_PROJECT_VERSION = 1;
				DEBUG_INFORMATION_FORMAT = dwarf;
				ENABLE_STRICT_OBJC_MSGSEND = YES;
				ENABLE_TESTABILITY = YES;
				GCC_NO_COMMON_BLOCKS = YES;
				GCC_OPTIMIZATION_LEVEL = 0;
				GCC_WARN_64_TO_32_BIT_CONVERSION = YES;
				GCC_WARN_ABOUT_RETURN_TYPE = YES_ERROR;
				GCC_WARN_UNINITIALIZED_AUTOS = YES_AGGRESSIVE;
				GCC_WARN_UNUSED_FUNCTION = YES;
				GCC_WARN_UNUSED_VARIABLE = YES;
				ONLY_ACTIVE_ARCH = YES;
				SDKROOT = iphoneos;
				SWIFT_OPTIMIZATION_LEVEL = "-Onone";
				TARGETED_DEVICE_FAMILY = "1,2";
				VERSIONING_SYSTEM = "apple-generic";
			};
			name = Debug;
		};
		D0B172A11D45A1EB0079A2F2 /* Release */ = {
			isa = XCBuildConfiguration;
			buildSettings = {
				ALWAYS_SEARCH_USER_PATHS = NO;
				CLANG_ANALYZER_NONNULL = YES;
				CLANG_ENABLE_MODULES = YES;
				CLANG_ENABLE_OBJC_ARC = YES;
				CLANG_WARN_BOOL_CONVERSION = YES;
				CLANG_WARN_CONSTANT_CONVERSION = YES;
				CLANG_WARN_DOCUMENTATION_COMMENTS = YES;
				CLANG_WARN_EMPTY_BODY = YES;
				CLANG_WARN_ENUM_CONVERSION = YES;
				CLANG_WARN_INT_CONVERSION = YES;
				CLANG_WARN_UNREACHABLE_CODE = YES;
				COPY_PHASE_STRIP = NO;
				CURRENT_PROJECT_VERSION = 1;
				ENABLE_NS_ASSERTIONS = NO;
				ENABLE_STRICT_OBJC_MSGSEND = YES;
				GCC_NO_COMMON_BLOCKS = YES;
				GCC_WARN_64_TO_32_BIT_CONVERSION = YES;
				GCC_WARN_ABOUT_RETURN_TYPE = YES_ERROR;
				GCC_WARN_UNINITIALIZED_AUTOS = YES_AGGRESSIVE;
				GCC_WARN_UNUSED_FUNCTION = YES;
				GCC_WARN_UNUSED_VARIABLE = YES;
				SDKROOT = iphoneos;
				SWIFT_OPTIMIZATION_LEVEL = "-Owholemodule";
				TARGETED_DEVICE_FAMILY = "1,2";
				VALIDATE_PRODUCT = YES;
				VERSIONING_SYSTEM = "apple-generic";
			};
			name = Release;
		};
		D0B172A31D45A1EB0079A2F2 /* Debug */ = {
			isa = XCBuildConfiguration;
			buildSettings = {
				CLANG_ENABLE_MODULES = YES;
				DEFINES_MODULE = YES;
				DEVELOPMENT_TEAM = "";
				DYLIB_COMPATIBILITY_VERSION = 1;
				DYLIB_CURRENT_VERSION = 1;
				DYLIB_INSTALL_NAME_BASE = "@rpath";
				INFOPLIST_FILE = "$(SRCROOT)/Overlay.xcodeproj/Info.plist";
				IPHONEOS_DEPLOYMENT_TARGET = 9.0;
				LD_RUNPATH_SEARCH_PATHS = "$(inherited) @executable_path/Frameworks @loader_path/Frameworks";
				PRODUCT_BUNDLE_IDENTIFIER = com.tintpoint.Overlay;
				PRODUCT_NAME = "$(TARGET_NAME)";
				SKIP_INSTALL = YES;
				SWIFT_VERSION = 3.0;
			};
			name = Debug;
		};
		D0B172A41D45A1EB0079A2F2 /* Release */ = {
			isa = XCBuildConfiguration;
			buildSettings = {
				CLANG_ENABLE_MODULES = YES;
				DEFINES_MODULE = YES;
				DEVELOPMENT_TEAM = "";
				DYLIB_COMPATIBILITY_VERSION = 1;
				DYLIB_CURRENT_VERSION = 1;
				DYLIB_INSTALL_NAME_BASE = "@rpath";
				INFOPLIST_FILE = "$(SRCROOT)/Overlay.xcodeproj/Info.plist";
				IPHONEOS_DEPLOYMENT_TARGET = 9.0;
				LD_RUNPATH_SEARCH_PATHS = "$(inherited) @executable_path/Frameworks @loader_path/Frameworks";
				PRODUCT_BUNDLE_IDENTIFIER = com.tintpoint.Overlay;
				PRODUCT_NAME = "$(TARGET_NAME)";
				SKIP_INSTALL = YES;
				SWIFT_VERSION = 3.0;
			};
			name = Release;
		};
/* End XCBuildConfiguration section */

/* Begin XCConfigurationList section */
		D0B172941D45A1EB0079A2F2 /* Build configuration list for PBXProject "Overlay" */ = {
			isa = XCConfigurationList;
			buildConfigurations = (
				D0B172A01D45A1EB0079A2F2 /* Debug */,
				D0B172A11D45A1EB0079A2F2 /* Release */,
			);
			defaultConfigurationIsVisible = 0;
			defaultConfigurationName = Release;
		};
		D0B172A21D45A1EB0079A2F2 /* Build configuration list for PBXNativeTarget "Overlay" */ = {
			isa = XCConfigurationList;
			buildConfigurations = (
				D0B172A31D45A1EB0079A2F2 /* Debug */,
				D0B172A41D45A1EB0079A2F2 /* Release */,
			);
			defaultConfigurationIsVisible = 0;
			defaultConfigurationName = Release;
		};
/* End XCConfigurationList section */
	};
	rootObject = D0B172911D45A1EB0079A2F2 /* Project object */;
}
